
Microsoft Visual Studio Solution File, Format Version 12.00
# Visual Studio Version 16
VisualStudioVersion = 16.0.31005.135
MinimumVisualStudioVersion = 10.0.40219.1
Project("{FAE04EC0-301F-11D3-BF4B-00C04F79EFBC}") = "gitpublish", "gitpublish\gitpublish.csproj", "{98804D67-8C5D-4461-93D8-B57B1F793730}"
EndProject
Global
	GlobalSection(SolutionConfigurationPlatforms) = preSolution
		Debug|Any CPU = Debug|Any CPU
		Release|Any CPU = Release|Any CPU
	EndGlobalSection
	GlobalSection(ProjectConfigurationPlatforms) = postSolution
		{98804D67-8C5D-4461-93D8-B57B1F793730}.Debug|Any CPU.ActiveCfg = Debug|Any CPU
		{98804D67-8C5D-4461-93D8-B57B1F793730}.Debug|Any CPU.Build.0 = Debug|Any CPU
		{98804D67-8C5D-4461-93D8-B57B1F793730}.Release|Any CPU.ActiveCfg = Release|Any CPU
		{98804D67-8C5D-4461-93D8-B57B1F793730}.Release|Any CPU.Build.0 = Release|Any CPU
	EndGlobalSection
	GlobalSection(SolutionProperties) = preSolution
		HideSolutionNode = FALSE
	EndGlobalSection
	GlobalSection(ExtensibilityGlobals) = postSolution
		SolutionGuid = {797F731B-938C-4EB2-9493-DD09EE32995E}
	EndGlobalSection
EndGlobal
